
Microsoft Visual Studio Solution File, Format Version 12.00
# Visual Studio Version 17
VisualStudioVersion = 17.1.32319.34
MinimumVisualStudioVersion = 10.0.40219.1
Project("{9A19103F-16F7-4668-BE54-9A1E7A4F7556}") = "ConsoleApp1", "ConsoleApp1\ConsoleApp1.csproj", "{319C5F6C-EEAE-431A-83B4-9B397526C72A}"
EndProject
Project("{9A19103F-16F7-4668-BE54-9A1E7A4F7556}") = "Canny", "Canny\Canny.csproj", "{792D37F1-B102-49F0-B59D-5293FEBE7DA7}"
EndProject
Project("{FAE04EC0-301F-11D3-BF4B-00C04F79EFBC}") = "Edge Detector", "Edge Detector\Edge Detector.csproj", "{2486BE70-3351-474A-B13A-7EF6348A49DC}"
EndProject
Project("{FAE04EC0-301F-11D3-BF4B-00C04F79EFBC}") = "Analize", "Analize\Analize.csproj", "{C9D78916-DDDF-4115-B629-682DA16B0678}"
EndProject
Global
	GlobalSection(SolutionConfigurationPlatforms) = preSolution
		Debug|Any CPU = Debug|Any CPU
		Release|Any CPU = Release|Any CPU
	EndGlobalSection
	GlobalSection(ProjectConfigurationPlatforms) = postSolution
		{319C5F6C-EEAE-431A-83B4-9B397526C72A}.Debug|Any CPU.ActiveCfg = Debug|Any CPU
		{319C5F6C-EEAE-431A-83B4-9B397526C72A}.Debug|Any CPU.Build.0 = Debug|Any CPU
		{319C5F6C-EEAE-431A-83B4-9B397526C72A}.Release|Any CPU.ActiveCfg = Release|Any CPU
		{319C5F6C-EEAE-431A-83B4-9B397526C72A}.Release|Any CPU.Build.0 = Release|Any CPU
		{792D37F1-B102-49F0-B59D-5293FEBE7DA7}.Debug|Any CPU.ActiveCfg = Debug|Any CPU
		{792D37F1-B102-49F0-B59D-5293FEBE7DA7}.Debug|Any CPU.Build.0 = Debug|Any CPU
		{792D37F1-B102-49F0-B59D-5293FEBE7DA7}.Release|Any CPU.ActiveCfg = Release|Any CPU
		{792D37F1-B102-49F0-B59D-5293FEBE7DA7}.Release|Any CPU.Build.0 = Release|Any CPU
		{2486BE70-3351-474A-B13A-7EF6348A49DC}.Debug|Any CPU.ActiveCfg = Debug|Any CPU
		{2486BE70-3351-474A-B13A-7EF6348A49DC}.Debug|Any CPU.Build.0 = Debug|Any CPU
		{2486BE70-3351-474A-B13A-7EF6348A49DC}.Release|Any CPU.ActiveCfg = Release|Any CPU
		{2486BE70-3351-474A-B13A-7EF6348A49DC}.Release|Any CPU.Build.0 = Release|Any CPU
		{C9D78916-DDDF-4115-B629-682DA16B0678}.Debug|Any CPU.ActiveCfg = Debug|Any CPU
		{C9D78916-DDDF-4115-B629-682DA16B0678}.Debug|Any CPU.Build.0 = Debug|Any CPU
		{C9D78916-DDDF-4115-B629-682DA16B0678}.Release|Any CPU.ActiveCfg = Release|Any CPU
		{C9D78916-DDDF-4115-B629-682DA16B0678}.Release|Any CPU.Build.0 = Release|Any CPU
	EndGlobalSection
	GlobalSection(SolutionProperties) = preSolution
		HideSolutionNode = FALSE
	EndGlobalSection
	GlobalSection(ExtensibilityGlobals) = postSolution
		SolutionGuid = {6446B16B-4F36-46FF-99BE-C80EF57C5002}
	EndGlobalSection
EndGlobal
